
Microsoft Visual Studio Solution File, Format Version 12.00
# Visual Studio Version 16
VisualStudioVersion = 16.0.30413.136
MinimumVisualStudioVersion = 10.0.40219.1
Project("{FAE04EC0-301F-11D3-BF4B-00C04F79EFBC}") = "Calculadora", "Calculadora.csproj", "{7DA1730B-C33B-4CBB-A92A-D35B5DD9C99D}"
EndProject
Global
	GlobalSection(SolutionConfigurationPlatforms) = preSolution
		Debug|Any CPU = Debug|Any CPU
		Release|Any CPU = Release|Any CPU
	EndGlobalSection
	GlobalSection(ProjectConfigurationPlatforms) = postSolution
		{7DA1730B-C33B-4CBB-A92A-D35B5DD9C99D}.Debug|Any CPU.ActiveCfg = Debug|Any CPU
		{7DA1730B-C33B-4CBB-A92A-D35B5DD9C99D}.Debug|Any CPU.Build.0 = Debug|Any CPU
		{7DA1730B-C33B-4CBB-A92A-D35B5DD9C99D}.Release|Any CPU.ActiveCfg = Release|Any CPU
		{7DA1730B-C33B-4CBB-A92A-D35B5DD9C99D}.Release|Any CPU.Build.0 = Release|Any CPU
	EndGlobalSection
	GlobalSection(SolutionProperties) = preSolution
		HideSolutionNode = FALSE
	EndGlobalSection
	GlobalSection(ExtensibilityGlobals) = postSolution
		SolutionGuid = {A5FC9D77-D026-4AE6-B2F7-22F1665B636C}
	EndGlobalSection
EndGlobal
